
Microsoft Visual Studio Solution File, Format Version 12.00
# Visual Studio Version 17
VisualStudioVersion = 17.4.33205.214
MinimumVisualStudioVersion = 10.0.40219.1
Project("{FAE04EC0-301F-11D3-BF4B-00C04F79EFBC}") = "AiHackathon", "AiHackathon\AiHackathon.csproj", "{7742E53A-583F-4657-9663-E5BDE2E49799}"
EndProject
Global
	GlobalSection(SolutionConfigurationPlatforms) = preSolution
		Debug|Any CPU = Debug|Any CPU
		Release|Any CPU = Release|Any CPU
	EndGlobalSection
	GlobalSection(ProjectConfigurationPlatforms) = postSolution
		{7742E53A-583F-4657-9663-E5BDE2E49799}.Debug|Any CPU.ActiveCfg = Debug|Any CPU
		{7742E53A-583F-4657-9663-E5BDE2E49799}.Debug|Any CPU.Build.0 = Debug|Any CPU
		{7742E53A-583F-4657-9663-E5BDE2E49799}.Release|Any CPU.ActiveCfg = Release|Any CPU
		{7742E53A-583F-4657-9663-E5BDE2E49799}.Release|Any CPU.Build.0 = Release|Any CPU
	EndGlobalSection
	GlobalSection(SolutionProperties) = preSolution
		HideSolutionNode = FALSE
	EndGlobalSection
	GlobalSection(ExtensibilityGlobals) = postSolution
		SolutionGuid = {4F774418-EF8C-427B-B5DC-BEF5FF69C04C}
	EndGlobalSection
EndGlobal
